{
    "compile": {
        "org.slf4j:slf4j-api": {
            "locked": "1.7.18",
            "requested": "1.+"
        }
    },
    "default": {
        "org.slf4j:slf4j-api": {
            "locked": "1.7.18",
            "requested": "1.+"
        }
    },
    "jacocoAgent": {
        "org.jacoco:org.jacoco.agent": {
            "locked": "0.7.6.201602180812"
        }
    },
    "jacocoAnt": {
        "org.jacoco:org.jacoco.ant": {
            "locked": "0.7.6.201602180812"
        }
    },
    "runtime": {
        "org.slf4j:slf4j-api": {
            "locked": "1.7.18",
            "requested": "1.+"
        }
    },
    "testCompile": {
        "junit:junit": {
            "locked": "4.12",
            "requested": "4.+"
        },
        "org.slf4j:slf4j-api": {
            "locked": "1.7.18",
            "requested": "1.+"
        }
    },
    "testRuntime": {
        "junit:junit": {
            "locked": "4.12",
            "requested": "4.+"
        },
        "org.slf4j:slf4j-api": {
            "locked": "1.7.18",
            "requested": "1.+"
        }
    }
}